
Microsoft Visual Studio Solution File, Format Version 12.00
# Visual Studio Version 16
VisualStudioVersion = 16.0.31005.135
MinimumVisualStudioVersion = 10.0.40219.1
Project("{FAE04EC0-301F-11D3-BF4B-00C04F79EFBC}") = "Papier-Nozyce-Kamien", "Papier-Nozyce-Kamien\Papier-Nozyce-Kamien.csproj", "{CE7F1C9A-1148-43C3-9C97-0433B6BC61A6}"
EndProject
Global
	GlobalSection(SolutionConfigurationPlatforms) = preSolution
		Debug|Any CPU = Debug|Any CPU
		Release|Any CPU = Release|Any CPU
	EndGlobalSection
	GlobalSection(ProjectConfigurationPlatforms) = postSolution
		{CE7F1C9A-1148-43C3-9C97-0433B6BC61A6}.Debug|Any CPU.ActiveCfg = Debug|Any CPU
		{CE7F1C9A-1148-43C3-9C97-0433B6BC61A6}.Debug|Any CPU.Build.0 = Debug|Any CPU
		{CE7F1C9A-1148-43C3-9C97-0433B6BC61A6}.Release|Any CPU.ActiveCfg = Release|Any CPU
		{CE7F1C9A-1148-43C3-9C97-0433B6BC61A6}.Release|Any CPU.Build.0 = Release|Any CPU
	EndGlobalSection
	GlobalSection(SolutionProperties) = preSolution
		HideSolutionNode = FALSE
	EndGlobalSection
	GlobalSection(ExtensibilityGlobals) = postSolution
		SolutionGuid = {A79DF3AD-431C-4B97-8EEB-1491ECF62180}
	EndGlobalSection
EndGlobal
